
Microsoft Visual Studio Solution File, Format Version 12.00
# Visual Studio Version 17
VisualStudioVersion = 17.9.34701.34
MinimumVisualStudioVersion = 10.0.40219.1
Project("{FAE04EC0-301F-11D3-BF4B-00C04F79EFBC}") = "9.30_hw2", "9.30_hw2.csproj", "{46611F4C-96D9-4C71-9DB0-EE033CF9A7FD}"
EndProject
Global
	GlobalSection(SolutionConfigurationPlatforms) = preSolution
		Debug|Any CPU = Debug|Any CPU
		Release|Any CPU = Release|Any CPU
	EndGlobalSection
	GlobalSection(ProjectConfigurationPlatforms) = postSolution
		{46611F4C-96D9-4C71-9DB0-EE033CF9A7FD}.Debug|Any CPU.ActiveCfg = Debug|Any CPU
		{46611F4C-96D9-4C71-9DB0-EE033CF9A7FD}.Debug|Any CPU.Build.0 = Debug|Any CPU
		{46611F4C-96D9-4C71-9DB0-EE033CF9A7FD}.Release|Any CPU.ActiveCfg = Release|Any CPU
		{46611F4C-96D9-4C71-9DB0-EE033CF9A7FD}.Release|Any CPU.Build.0 = Release|Any CPU
	EndGlobalSection
	GlobalSection(SolutionProperties) = preSolution
		HideSolutionNode = FALSE
	EndGlobalSection
	GlobalSection(ExtensibilityGlobals) = postSolution
		SolutionGuid = {D81000FE-87F8-4E6C-9E57-B4B7D269BDDF}
	EndGlobalSection
EndGlobal
